
Microsoft Visual Studio Solution File, Format Version 12.00
# Visual Studio Version 16
VisualStudioVersion = 16.0.29820.132
MinimumVisualStudioVersion = 10.0.40219.1
Project("{FAE04EC0-301F-11D3-BF4B-00C04F79EFBC}") = "AppUi", "AppUi\AppUi.csproj", "{E5D3EDE4-16CB-4ACF-9EB8-6EBD43DE8B9D}"
EndProject
Project("{FAE04EC0-301F-11D3-BF4B-00C04F79EFBC}") = "AppModels", "AppModels\AppModels.csproj", "{000C600F-10B8-43E1-AEC3-13AA507AD23A}"
EndProject
Project("{FAE04EC0-301F-11D3-BF4B-00C04F79EFBC}") = "AppDataAccess", "AppDataAccess\AppDataAccess.csproj", "{B08167BE-D266-4142-9594-8F2702C5B4F0}"
EndProject
Global
	GlobalSection(SolutionConfigurationPlatforms) = preSolution
		Debug|Any CPU = Debug|Any CPU
		Release|Any CPU = Release|Any CPU
	EndGlobalSection
	GlobalSection(ProjectConfigurationPlatforms) = postSolution
		{E5D3EDE4-16CB-4ACF-9EB8-6EBD43DE8B9D}.Debug|Any CPU.ActiveCfg = Debug|Any CPU
		{E5D3EDE4-16CB-4ACF-9EB8-6EBD43DE8B9D}.Debug|Any CPU.Build.0 = Debug|Any CPU
		{E5D3EDE4-16CB-4ACF-9EB8-6EBD43DE8B9D}.Release|Any CPU.ActiveCfg = Release|Any CPU
		{E5D3EDE4-16CB-4ACF-9EB8-6EBD43DE8B9D}.Release|Any CPU.Build.0 = Release|Any CPU
		{000C600F-10B8-43E1-AEC3-13AA507AD23A}.Debug|Any CPU.ActiveCfg = Debug|Any CPU
		{000C600F-10B8-43E1-AEC3-13AA507AD23A}.Debug|Any CPU.Build.0 = Debug|Any CPU
		{000C600F-10B8-43E1-AEC3-13AA507AD23A}.Release|Any CPU.ActiveCfg = Release|Any CPU
		{000C600F-10B8-43E1-AEC3-13AA507AD23A}.Release|Any CPU.Build.0 = Release|Any CPU
		{B08167BE-D266-4142-9594-8F2702C5B4F0}.Debug|Any CPU.ActiveCfg = Debug|Any CPU
		{B08167BE-D266-4142-9594-8F2702C5B4F0}.Debug|Any CPU.Build.0 = Debug|Any CPU
		{B08167BE-D266-4142-9594-8F2702C5B4F0}.Release|Any CPU.ActiveCfg = Release|Any CPU
		{B08167BE-D266-4142-9594-8F2702C5B4F0}.Release|Any CPU.Build.0 = Release|Any CPU
	EndGlobalSection
	GlobalSection(SolutionProperties) = preSolution
		HideSolutionNode = FALSE
	EndGlobalSection
	GlobalSection(ExtensibilityGlobals) = postSolution
		SolutionGuid = {F511101E-C1C1-46B6-91E7-33CBEEAE9346}
	EndGlobalSection
EndGlobal
